
Microsoft Visual Studio Solution File, Format Version 12.00
# Visual Studio 15
VisualStudioVersion = 15.0.28307.572
MinimumVisualStudioVersion = 10.0.40219.1
Project("{9A19103F-16F7-4668-BE54-9A1E7A4F7556}") = "KudVenkataYoutube", "KudVenkataYoutube\KudVenkataYoutube.csproj", "{1F11EF9D-FD94-49EB-9695-CB7A82BC5CF5}"
EndProject
Global
	GlobalSection(SolutionConfigurationPlatforms) = preSolution
		Debug|Any CPU = Debug|Any CPU
		Release|Any CPU = Release|Any CPU
	EndGlobalSection
	GlobalSection(ProjectConfigurationPlatforms) = postSolution
		{1F11EF9D-FD94-49EB-9695-CB7A82BC5CF5}.Debug|Any CPU.ActiveCfg = Debug|Any CPU
		{1F11EF9D-FD94-49EB-9695-CB7A82BC5CF5}.Debug|Any CPU.Build.0 = Debug|Any CPU
		{1F11EF9D-FD94-49EB-9695-CB7A82BC5CF5}.Release|Any CPU.ActiveCfg = Release|Any CPU
		{1F11EF9D-FD94-49EB-9695-CB7A82BC5CF5}.Release|Any CPU.Build.0 = Release|Any CPU
	EndGlobalSection
	GlobalSection(SolutionProperties) = preSolution
		HideSolutionNode = FALSE
	EndGlobalSection
	GlobalSection(ExtensibilityGlobals) = postSolution
		SolutionGuid = {FCCC67C0-19F5-4C73-B837-01B8F9B9BA5C}
	EndGlobalSection
EndGlobal
